dependencies:
- name: postgresql
  repository: https://charts.bitnami.com/bitnami
  version: 15.5.38
- name: redis
  repository: https://charts.bitnami.com/bitnami
  version: 19.6.4
digest: sha256:63ee8eb0967b17524fb5f3a57cfd430f59a4f37b726581293c54813218f52522
generated: "2026-05-28T17:37:40.43704274-03:00"
