dependencies:
- name: kube-prometheus-stack
  repository: https://prometheus-community.github.io/helm-charts
  version: 72.3.0
- name: loki
  repository: https://grafana.github.io/helm-charts
  version: 6.55.0
- name: tempo
  repository: https://grafana.github.io/helm-charts
  version: 1.24.4
- name: alloy
  repository: https://grafana.github.io/helm-charts
  version: 1.8.2
- name: pyroscope
  repository: https://grafana.github.io/helm-charts
  version: 1.21.0
digest: sha256:10c4a9a3d9d2ef9104e0e6c6ba54e164cf2f776d7c191723898c0231fc427009
generated: "2026-05-27T19:42:17.562776028-03:00"
