dependencies:
- name: kube-prometheus-stack
  repository: https://prometheus-community.github.io/helm-charts
  version: 86.2.2
- name: loki
  repository: https://grafana.github.io/helm-charts
  version: 7.0.0
- name: tempo
  repository: https://grafana.github.io/helm-charts
  version: 1.24.4
- name: alloy
  repository: https://grafana.github.io/helm-charts
  version: 1.9.0
- name: pyroscope
  repository: https://grafana.github.io/helm-charts
  version: 2.0.3
digest: sha256:d6dfb97bb617bd9cc85f6cdb4e516afaed17cf03bcd136265a667f16f1c16744
generated: "2026-06-10T16:55:38.085550493-03:00"
